// !$*UTF8*$!
{
	archiveVersion = 1;
	classes = {
	};
	objectVersion = 46;
	objects = {

/* Begin PBXBuildFile section */
		9D820939199D7DE700906E81 /* Foundation.framework in Frameworks */ = {isa = PBXBuildFile; fileRef = 9D820938199D7DE700906E81 /* Foundation.framework */; };
		9D82093B199D7DE700906E81 /* CoreGraphics.framework in Frameworks */ = {isa = PBXBuildFile; fileRef = 9D82093A199D7DE700906E81 /* CoreGraphics.framework */; };
		9D82093D199D7DE700906E81 /* UIKit.framework in Frameworks */ = {isa = PBXBuildFile; fileRef = 9D82093C199D7DE700906E81 /* UIKit.framework */; };
		9D820943199D7DE700906E81 /* InfoPlist.strings in Resources */ = {isa = PBXBuildFile; fileRef = 9D820941199D7DE700906E81 /* InfoPlist.strings */; };
		9D820945199D7DE700906E81 /* main.m in Sources */ = {isa = PBXBuildFile; fileRef = 9D820944199D7DE700906E81 /* main.m */; };
		9D820949199D7DE700906E81 /* BCAppDelegate.m in Sources */ = {isa = PBXBuildFile; fileRef = 9D820948199D7DE700906E81 /* BCAppDelegate.m */; };
		9D82094B199D7DE700906E81 /* Images.xcassets in Resources */ = {isa = PBXBuildFile; fileRef = 9D82094A199D7DE700906E81 /* Images.xcassets */; };
		9D820952199D7DE700906E81 /* XCTest.framework in Frameworks */ = {isa = PBXBuildFile; fileRef = 9D820951199D7DE700906E81 /* XCTest.framework */; };
		9D820953199D7DE700906E81 /* Foundation.framework in Frameworks */ = {isa = PBXBuildFile; fileRef = 9D820938199D7DE700906E81 /* Foundation.framework */; };
		9D820954199D7DE700906E81 /* UIKit.framework in Frameworks */ = {isa = PBXBuildFile; fileRef = 9D82093C199D7DE700906E81 /* UIKit.framework */; };
		9D82095C199D7DE700906E81 /* InfoPlist.strings in Resources */ = {isa = PBXBuildFile; fileRef = 9D82095A199D7DE700906E81 /* InfoPlist.strings */; };
		9D82095E199D7DE700906E81 /* BooTests.m in Sources */ = {isa = PBXBuildFile; fileRef = 9D82095D199D7DE700906E81 /* BooTests.m */; };
/* End PBXBuildFile section */

/* Begin PBXContainerItemProxy section */
		9D820955199D7DE700906E81 /* PBXContainerItemProxy */ = {
			isa = PBXContainerItemProxy;
			containerPortal = 9D82092D199D7DE700906E81 /* Project object */;
			proxyType = 1;
			remoteGlobalIDString = 9D820934199D7DE700906E81;
			remoteInfo = Boo;
		};
/* End PBXContainerItemProxy section */

/* Begin PBXFileReference section */
		9D820935199D7DE700906E81 /* Boo.app */ = {isa = PBXFileReference; explicitFileType = wrapper.application; includeInIndex = 0; path = Boo.app; sourceTree = BUILT_PRODUCTS_DIR; };
		9D820938199D7DE700906E81 /* Foundation.framework */ = {isa = PBXFileReference; lastKnownFileType = wrapper.framework; name = Foundation.framework; path = System/Library/Frameworks/Foundation.framework; sourceTree = SDKROOT; };
		9D82093A199D7DE700906E81 /* CoreGraphics.framework */ = {isa = PBXFileReference; lastKnownFileType = wrapper.framework; name = CoreGraphics.framework; path = System/Library/Frameworks/CoreGraphics.framework; sourceTree = SDKROOT; };
		9D82093C199D7DE700906E81 /* UIKit.framework */ = {isa = PBXFileReference; lastKnownFileType = wrapper.framework; name = UIKit.framework; path = System/Library/Frameworks/UIKit.framework; sourceTree = SDKROOT; };
		9D820940199D7DE700906E81 /* Boo-Info.plist */ = {isa = PBXFileReference; lastKnownFileType = text.plist.xml; path = "Boo-Info.plist"; sourceTree = "<group>"; };
		9D820942199D7DE700906E81 /* en */ = {isa = PBXFileReference; lastKnownFileType = text.plist.strings; name = en; path = en.lproj/InfoPlist.strings; sourceTree = "<group>"; };
		9D820944199D7DE700906E81 /* main.m */ = {isa = PBXFileReference; lastKnownFileType = sourcecode.c.objc; path = main.m; sourceTree = "<group>"; };
		9D820946199D7DE700906E81 /* Boo-Prefix.pch */ = {isa = PBXFileReference; lastKnownFileType = sourcecode.c.h; path = "Boo-Prefix.pch"; sourceTree = "<group>"; };
		9D820947199D7DE700906E81 /* BCAppDelegate.h */ = {isa = PBXFileReference; lastKnownFileType = sourcecode.c.h; path = BCAppDelegate.h; sourceTree = "<group>"; };
		9D820948199D7DE700906E81 /* BCAppDelegate.m */ = {isa = PBXFileReference; lastKnownFileType = sourcecode.c.objc; path = BCAppDelegate.m; sourceTree = "<group>"; };
		9D82094A199D7DE700906E81 /* Images.xcassets */ = {isa = PBXFileReference; lastKnownFileType = folder.assetcatalog; path = Images.xcassets; sourceTree = "<group>"; };
		9D820950199D7DE700906E81 /* BooTests.xctest */ = {isa = PBXFileReference; explicitFileType = wrapper.cfbundle; includeInIndex = 0; path = BooTests.xctest; sourceTree = BUILT_PRODUCTS_DIR; };
		9D820951199D7DE700906E81 /* XCTest.framework */ = {isa = PBXFileReference; lastKnownFileType = wrapper.framework; name = XCTest.framework; path = Library/Frameworks/XCTest.framework; sourceTree = DEVELOPER_DIR; };
		9D820959199D7DE700906E81 /* BooTests-Info.plist */ = {isa = PBXFileReference; lastKnownFileType = text.plist.xml; path = "BooTests-Info.plist"; sourceTree = "<group>"; };
		9D82095B199D7DE700906E81 /* en */ = {isa = PBXFileReference; lastKnownFileType = text.plist.strings; name = en; path = en.lproj/InfoPlist.strings; sourceTree = "<group>"; };
		9D82095D199D7DE700906E81 /* BooTests.m */ = {isa = PBXFileReference; lastKnownFileType = sourcecode.c.objc; path = BooTests.m; sourceTree = "<group>"; };
/* End PBXFileReference section */

/* Begin PBXFrameworksBuildPhase section */
		9D820932199D7DE700906E81 /* Frameworks */ = {
			isa = PBXFrameworksBuildPhase;
			buildActionMask = 2147483647;
			files = (
				9D82093B199D7DE700906E81 /* CoreGraphics.framework in Frameworks */,
				9D82093D199D7DE700906E81 /* UIKit.framework in Frameworks */,
				9D820939199D7DE700906E81 /* Foundation.framework in Frameworks */,
			);
			runOnlyForDeploymentPostprocessing = 0;
		};
		9D82094D199D7DE700906E81 /* Frameworks */ = {
			isa = PBXFrameworksBuildPhase;
			buildActionMask = 2147483647;
			files = (
				9D820952199D7DE700906E81 /* XCTest.framework in Frameworks */,
				9D820954199D7DE700906E81 /* UIKit.framework in Frameworks */,
				9D820953199D7DE700906E81 /* Foundation.framework in Frameworks */,
			);
			runOnlyForDeploymentPostprocessing = 0;
		};
/* End PBXFrameworksBuildPhase section */

/* Begin PBXGroup section */
		9D82092C199D7DE700906E81 = {
			isa = PBXGroup;
			children = (
				9D82093E199D7DE700906E81 /* Boo */,
				9D820957199D7DE700906E81 /* BooTests */,
				9D820937199D7DE700906E81 /* Frameworks */,
				9D820936199D7DE700906E81 /* Products */,
			);
			sourceTree = "<group>";
		};
		9D820936199D7DE700906E81 /* Products */ = {
			isa = PBXGroup;
			children = (
				9D820935199D7DE700906E81 /* Boo.app */,
				9D820950199D7DE700906E81 /* BooTests.xctest */,
			);
			name = Products;
			sourceTree = "<group>";
		};
		9D820937199D7DE700906E81 /* Frameworks */ = {
			isa = PBXGroup;
			children = (
				9D820938199D7DE700906E81 /* Foundation.framework */,
				9D82093A199D7DE700906E81 /* CoreGraphics.framework */,
				9D82093C199D7DE700906E81 /* UIKit.framework */,
				9D820951199D7DE700906E81 /* XCTest.framework */,
			);
			name = Frameworks;
			sourceTree = "<group>";
		};
		9D82093E199D7DE700906E81 /* Boo */ = {
			isa = PBXGroup;
			children = (
				9D820947199D7DE700906E81 /* BCAppDelegate.h */,
				9D820948199D7DE700906E81 /* BCAppDelegate.m */,
				9D82094A199D7DE700906E81 /* Images.xcassets */,
				9D82093F199D7DE700906E81 /* Supporting Files */,
			);
			path = Boo;
			sourceTree = "<group>";
		};
		9D82093F199D7DE700906E81 /* Supporting Files */ = {
			isa = PBXGroup;
			children = (
				9D820940199D7DE700906E81 /* Boo-Info.plist */,
				9D820941199D7DE700906E81 /* InfoPlist.strings */,
				9D820944199D7DE700906E81 /* main.m */,
				9D820946199D7DE700906E81 /* Boo-Prefix.pch */,
			);
			name = "Supporting Files";
			sourceTree = "<group>";
		};
		9D820957199D7DE700906E81 /* BooTests */ = {
			isa = PBXGroup;
			children = (
				9D82095D199D7DE700906E81 /* BooTests.m */,
				9D820958199D7DE700906E81 /* Supporting Files */,
			);
			path = BooTests;
			sourceTree = "<group>";
		};
		9D820958199D7DE700906E81 /* Supporting Files */ = {
			isa = PBXGroup;
			children = (
				9D820959199D7DE700906E81 /* BooTests-Info.plist */,
				9D82095A199D7DE700906E81 /* InfoPlist.strings */,
			);
			name = "Supporting Files";
			sourceTree = "<group>";
		};
/* End PBXGroup section */

/* Begin PBXNativeTarget section */
		9D820934199D7DE700906E81 /* Boo */ = {
			isa = PBXNativeTarget;
			buildConfigurationList = 9D820961199D7DE700906E81 /* Build configuration list for PBXNativeTarget "Boo" */;
			buildPhases = (
				9D820931199D7DE700906E81 /* Sources */,
				9D820932199D7DE700906E81 /* Frameworks */,
				9D820933199D7DE700906E81 /* Resources */,
			);
			buildRules = (
			);
			dependencies = (
			);
			name = Boo;
			productName = Boo;
			productReference = 9D820935199D7DE700906E81 /* Boo.app */;
			productType = "com.apple.product-type.application";
		};
		9D82094F199D7DE700906E81 /* BooTests */ = {
			isa = PBXNativeTarget;
			buildConfigurationList = 9D820964199D7DE700906E81 /* Build configuration list for PBXNativeTarget "BooTests" */;
			buildPhases = (
				9D82094C199D7DE700906E81 /* Sources */,
				9D82094D199D7DE700906E81 /* Frameworks */,
				9D82094E199D7DE700906E81 /* Resources */,
			);
			buildRules = (
			);
			dependencies = (
				9D820956199D7DE700906E81 /* PBXTargetDependency */,
			);
			name = BooTests;
			productName = BooTests;
			productReference = 9D820950199D7DE700906E81 /* BooTests.xctest */;
			productType = "com.apple.product-type.bundle.unit-test";
		};
/* End PBXNativeTarget section */

/* Begin PBXProject section */
		9D82092D199D7DE700906E81 /* Project object */ = {
			isa = PBXProject;
			attributes = {
				CLASSPREFIX = BC;
				LastUpgradeCheck = 0510;
				ORGANIZATIONNAME = "Chris O'Neil";
				TargetAttributes = {
					9D82094F199D7DE700906E81 = {
						TestTargetID = 9D820934199D7DE700906E81;
					};
				};
			};
			buildConfigurationList = 9D820930199D7DE700906E81 /* Build configuration list for PBXProject "Boo" */;
			compatibilityVersion = "Xcode 3.2";
			developmentRegion = English;
			hasScannedForEncodings = 0;
			knownRegions = (
				en,
			);
			mainGroup = 9D82092C199D7DE700906E81;
			productRefGroup = 9D820936199D7DE700906E81 /* Products */;
			projectDirPath = "";
			projectRoot = "";
			targets = (
				9D820934199D7DE700906E81 /* Boo */,
				9D82094F199D7DE700906E81 /* BooTests */,
			);
		};
/* End PBXProject section */

/* Begin PBXResourcesBuildPhase section */
		9D820933199D7DE700906E81 /* Resources */ = {
			isa = PBXResourcesBuildPhase;
			buildActionMask = 2147483647;
			files = (
				9D820943199D7DE700906E81 /* InfoPlist.strings in Resources */,
				9D82094B199D7DE700906E81 /* Images.xcassets in Resources */,
			);
			runOnlyForDeploymentPostprocessing = 0;
		};
		9D82094E199D7DE700906E81 /* Resources */ = {
			isa = PBXResourcesBuildPhase;
			buildActionMask = 2147483647;
			files = (
				9D82095C199D7DE700906E81 /* InfoPlist.strings in Resources */,
			);
			runOnlyForDeploymentPostprocessing = 0;
		};
/* End PBXResourcesBuildPhase section */

/* Begin PBXSourcesBuildPhase section */
		9D820931199D7DE700906E81 /* Sources */ = {
			isa = PBXSourcesBuildPhase;
			buildActionMask = 2147483647;
			files = (
				9D820945199D7DE700906E81 /* main.m in Sources */,
				9D820949199D7DE700906E81 /* BCAppDelegate.m in Sources */,
			);
			runOnlyForDeploymentPostprocessing = 0;
		};
		9D82094C199D7DE700906E81 /* Sources */ = {
			isa = PBXSourcesBuildPhase;
			buildActionMask = 2147483647;
			files = (
				9D82095E199D7DE700906E81 /* BooTests.m in Sources */,
			);
			runOnlyForDeploymentPostprocessing = 0;
		};
/* End PBXSourcesBuildPhase section */

/* Begin PBXTargetDependency section */
		9D820956199D7DE700906E81 /* PBXTargetDependency */ = {
			isa = PBXTargetDependency;
			target = 9D820934199D7DE700906E81 /* Boo */;
			targetProxy = 9D820955199D7DE700906E81 /* PBXContainerItemProxy */;
		};
/* End PBXTargetDependency section */

/* Begin PBXVariantGroup section */
		9D820941199D7DE700906E81 /* InfoPlist.strings */ = {
			isa = PBXVariantGroup;
			children = (
				9D820942199D7DE700906E81 /* en */,
			);
			name = InfoPlist.strings;
			sourceTree = "<group>";
		};
		9D82095A199D7DE700906E81 /* InfoPlist.strings */ = {
			isa = PBXVariantGroup;
			children = (
				9D82095B199D7DE700906E81 /* en */,
			);
			name = InfoPlist.strings;
			sourceTree = "<group>";
		};
/* End PBXVariantGroup section */

/* Begin XCBuildConfiguration section */
		9D82095F199D7DE700906E81 /* Debug */ = {
			isa = XCBuildConfiguration;
			buildSettings = {
				ALWAYS_SEARCH_USER_PATHS = NO;
				CLANG_CXX_LANGUAGE_STANDARD = "gnu++0x";
				CLANG_CXX_LIBRARY = "libc++";
				CLANG_ENABLE_MODULES = YES;
				CLANG_ENABLE_OBJC_ARC = YES;
				CLANG_WARN_BOOL_CONVERSION = YES;
				CLANG_WARN_CONSTANT_CONVERSION = YES;
				CLANG_WARN_DIRECT_OBJC_ISA_USAGE = YES_ERROR;
				CLANG_WARN_EMPTY_BODY = YES;
				CLANG_WARN_ENUM_CONVERSION = YES;
				CLANG_WARN_INT_CONVERSION = YES;
				CLANG_WARN_OBJC_ROOT_CLASS = YES_ERROR;
				CLANG_WARN__DUPLICATE_METHOD_MATCH = YES;
				"CODE_SIGN_IDENTITY[sdk=iphoneos*]" = "iPhone Developer";
				COPY_PHASE_STRIP = NO;
				GCC_C_LANGUAGE_STANDARD = gnu99;
				GCC_DYNAMIC_NO_PIC = NO;
				GCC_OPTIMIZATION_LEVEL = 0;
				GCC_PREPROCESSOR_DEFINITIONS = (
					"DEBUG=1",
					"$(inherited)",
				);
				GCC_SYMBOLS_PRIVATE_EXTERN = NO;
				GCC_WARN_64_TO_32_BIT_CONVERSION = YES;
				GCC_WARN_ABOUT_RETURN_TYPE = YES_ERROR;
				GCC_WARN_UNDECLARED_SELECTOR = YES;
				GCC_WARN_UNINITIALIZED_AUTOS = YES_AGGRESSIVE;
				GCC_WARN_UNUSED_FUNCTION = YES;
				GCC_WARN_UNUSED_VARIABLE = YES;
				IPHONEOS_DEPLOYMENT_TARGET = 7.1;
				ONLY_ACTIVE_ARCH = YES;
				SDKROOT = iphoneos;
			};
			name = Debug;
		};
		9D820960199D7DE700906E81 /* Release */ = {
			isa = XCBuildConfiguration;
			buildSettings = {
				ALWAYS_SEARCH_USER_PATHS = NO;
				CLANG_CXX_LANGUAGE_STANDARD = "gnu++0x";
				CLANG_CXX_LIBRARY = "libc++";
				CLANG_ENABLE_MODULES = YES;
				CLANG_ENABLE_OBJC_ARC = YES;
				CLANG_WARN_BOOL_CONVERSION = YES;
				CLANG_WARN_CONSTANT_CONVERSION = YES;
				CLANG_WARN_DIRECT_OBJC_ISA_USAGE = YES_ERROR;
				CLANG_WARN_EMPTY_BODY = YES;
				CLANG_WARN_ENUM_CONVERSION = YES;
				CLANG_WARN_INT_CONVERSION = YES;
				CLANG_WARN_OBJC_ROOT_CLASS = YES_ERROR;
				CLANG_WARN__DUPLICATE_METHOD_MATCH = YES;
				"CODE_SIGN_IDENTITY[sdk=iphoneos*]" = "iPhone Developer";
				COPY_PHASE_STRIP = YES;
				ENABLE_NS_ASSERTIONS = NO;
				GCC_C_LANGUAGE_STANDARD = gnu99;
				GCC_WARN_64_TO_32_BIT_CONVERSION = YES;
				GCC_WARN_ABOUT_RETURN_TYPE = YES_ERROR;
				GCC_WARN_UNDECLARED_SELECTOR = YES;
				GCC_WARN_UNINITIALIZED_AUTOS = YES_AGGRESSIVE;
				GCC_WARN_UNUSED_FUNCTION = YES;
				GCC_WARN_UNUSED_VARIABLE = YES;
				IPHONEOS_DEPLOYMENT_TARGET = 7.1;
				SDKROOT = iphoneos;
				VALIDATE_PRODUCT = YES;
			};
			name = Release;
		};
		9D820962199D7DE700906E81 /* Debug */ = {
			isa = XCBuildConfiguration;
			buildSettings = {
				ASSETCATALOG_COMPILER_APPICON_NAME = AppIcon;
				ASSETCATALOG_COMPILER_LAUNCHIMAGE_NAME = LaunchImage;
				GCC_PRECOMPILE_PREFIX_HEADER = YES;
				GCC_PREFIX_HEADER = "Boo/Boo-Prefix.pch";
				INFOPLIST_FILE = "Boo/Boo-Info.plist";
				PRODUCT_NAME = "$(TARGET_NAME)";
				WRAPPER_EXTENSION = app;
			};
			name = Debug;
		};
		9D820963199D7DE700906E81 /* Release */ = {
			isa = XCBuildConfiguration;
			buildSettings = {
				ASSETCATALOG_COMPILER_APPICON_NAME = AppIcon;
				ASSETCATALOG_COMPILER_LAUNCHIMAGE_NAME = LaunchImage;
				GCC_PRECOMPILE_PREFIX_HEADER = YES;
				GCC_PREFIX_HEADER = "Boo/Boo-Prefix.pch";
				INFOPLIST_FILE = "Boo/Boo-Info.plist";
				PRODUCT_NAME = "$(TARGET_NAME)";
				WRAPPER_EXTENSION = app;
			};
			name = Release;
		};
		9D820965199D7DE700906E81 /* Debug */ = {
			isa = XCBuildConfiguration;
			buildSettings = {
				BUNDLE_LOADER = "$(BUILT_PRODUCTS_DIR)/Boo.app/Boo";
				FRAMEWORK_SEARCH_PATHS = (
					"$(SDKROOT)/Developer/Library/Frameworks",
					"$(inherited)",
					"$(DEVELOPER_FRAMEWORKS_DIR)",
				);
				GCC_PRECOMPILE_PREFIX_HEADER = YES;
				GCC_PREFIX_HEADER = "Boo/Boo-Prefix.pch";
				GCC_PREPROCESSOR_DEFINITIONS = (
					"DEBUG=1",
					"$(inherited)",
				);
				INFOPLIST_FILE = "BooTests/BooTests-Info.plist";
				PRODUCT_NAME = "$(TARGET_NAME)";
				TEST_HOST = "$(BUNDLE_LOADER)";
				WRAPPER_EXTENSION = xctest;
			};
			name = Debug;
		};
		9D820966199D7DE700906E81 /* Release */ = {
			isa = XCBuildConfiguration;
			buildSettings = {
				BUNDLE_LOADER = "$(BUILT_PRODUCTS_DIR)/Boo.app/Boo";
				FRAMEWORK_SEARCH_PATHS = (
					"$(SDKROOT)/Developer/Library/Frameworks",
					"$(inherited)",
					"$(DEVELOPER_FRAMEWORKS_DIR)",
				);
				GCC_PRECOMPILE_PREFIX_HEADER = YES;
				GCC_PREFIX_HEADER = "Boo/Boo-Prefix.pch";
				INFOPLIST_FILE = "BooTests/BooTests-Info.plist";
				PRODUCT_NAME = "$(TARGET_NAME)";
				TEST_HOST = "$(BUNDLE_LOADER)";
				WRAPPER_EXTENSION = xctest;
			};
			name = Release;
		};
/* End XCBuildConfiguration section */

/* Begin XCConfigurationList section */
		9D820930199D7DE700906E81 /* Build configuration list for PBXProject "Boo" */ = {
			isa = XCConfigurationList;
			buildConfigurations = (
				9D82095F199D7DE700906E81 /* Debug */,
				9D820960199D7DE700906E81 /* Release */,
			);
			defaultConfigurationIsVisible = 0;
			defaultConfigurationName = Release;
		};
		9D820961199D7DE700906E81 /* Build configuration list for PBXNativeTarget "Boo" */ = {
			isa = XCConfigurationList;
			buildConfigurations = (
				9D820962199D7DE700906E81 /* Debug */,
				9D820963199D7DE700906E81 /* Release */,
			);
			defaultConfigurationIsVisible = 0;
		};
		9D820964199D7DE700906E81 /* Build configuration list for PBXNativeTarget "BooTests" */ = {
			isa = XCConfigurationList;
			buildConfigurations = (
				9D820965199D7DE700906E81 /* Debug */,
				9D820966199D7DE700906E81 /* Release */,
			);
			defaultConfigurationIsVisible = 0;
		};
/* End XCConfigurationList section */
	};
	rootObject = 9D82092D199D7DE700906E81 /* Project object */;
}
